name: Daily Partyflock Digest
on:
  workflow_dispatch:
  schedule:
    - cron: "0 6 * * *"
jobs:
  digest:
    name: "Daily Partyflock Digest"
    runs-on: ubuntu-latest
    steps:
      - name: Checkout
        uses: actions/checkout@v4
      - name: Build
        # install dependencies for scraper script
        run: npm ci
        working-directory: ./sh/fetch-partyflock-events
      - name: Fetch klenkes events today
        run: |
          mkdir -p "./_data/partyflock/"
          curl "https://partyflock.nl/agenda/day/$(date +"%Y/%m/%d")" > today.html
          node ./sh/fetch-partyflock-events/ today.html > "./_data/partyflock/$(date +"%Y-%m-%d").json"
          rm today.html
      - name: Set up git config
        # commit as a made up bot user
        run: |
          git config user.name "GitHub Actions Bot"
          git config user.email "<>"
      - name: Commit
        # if there are changes commit and push
        run: |
          git add .
          # only commit if there's a change
          git diff --quiet --staged || git commit -m "Updated: Partyflock events today $(date +"%Y-%m-%d")"
          git push origin master
